
Microsoft Visual Studio Solution File, Format Version 12.00
# Visual Studio Version 16
VisualStudioVersion = 16.0.29709.97
MinimumVisualStudioVersion = 10.0.40219.1
Project("{9A19103F-16F7-4668-BE54-9A1E7A4F7556}") = "Exceptions", "ExceptionLibrary\Exceptions.csproj", "{52D9A48E-6B7B-44DE-93FE-F3345972072F}"
EndProject
Project("{9A19103F-16F7-4668-BE54-9A1E7A4F7556}") = "ExceptionDealer", "ExceptionDealer\ExceptionDealer.csproj", "{645F539D-57D4-449F-816B-FE4F5F173C8A}"
EndProject
Project("{9A19103F-16F7-4668-BE54-9A1E7A4F7556}") = "Services", "Services\Services.csproj", "{94829A58-0A94-4F17-8AB4-A7BD027DFE5F}"
EndProject
Global
	GlobalSection(SolutionConfigurationPlatforms) = preSolution
		Debug|Any CPU = Debug|Any CPU
		Release|Any CPU = Release|Any CPU
	EndGlobalSection
	GlobalSection(ProjectConfigurationPlatforms) = postSolution
		{52D9A48E-6B7B-44DE-93FE-F3345972072F}.Debug|Any CPU.ActiveCfg = Debug|Any CPU
		{52D9A48E-6B7B-44DE-93FE-F3345972072F}.Debug|Any CPU.Build.0 = Debug|Any CPU
		{52D9A48E-6B7B-44DE-93FE-F3345972072F}.Release|Any CPU.ActiveCfg = Release|Any CPU
		{52D9A48E-6B7B-44DE-93FE-F3345972072F}.Release|Any CPU.Build.0 = Release|Any CPU
		{645F539D-57D4-449F-816B-FE4F5F173C8A}.Debug|Any CPU.ActiveCfg = Debug|Any CPU
		{645F539D-57D4-449F-816B-FE4F5F173C8A}.Debug|Any CPU.Build.0 = Debug|Any CPU
		{645F539D-57D4-449F-816B-FE4F5F173C8A}.Release|Any CPU.ActiveCfg = Release|Any CPU
		{645F539D-57D4-449F-816B-FE4F5F173C8A}.Release|Any CPU.Build.0 = Release|Any CPU
		{94829A58-0A94-4F17-8AB4-A7BD027DFE5F}.Debug|Any CPU.ActiveCfg = Debug|Any CPU
		{94829A58-0A94-4F17-8AB4-A7BD027DFE5F}.Debug|Any CPU.Build.0 = Debug|Any CPU
		{94829A58-0A94-4F17-8AB4-A7BD027DFE5F}.Release|Any CPU.ActiveCfg = Release|Any CPU
		{94829A58-0A94-4F17-8AB4-A7BD027DFE5F}.Release|Any CPU.Build.0 = Release|Any CPU
	EndGlobalSection
	GlobalSection(SolutionProperties) = preSolution
		HideSolutionNode = FALSE
	EndGlobalSection
	GlobalSection(ExtensibilityGlobals) = postSolution
		SolutionGuid = {DA16C493-E8B3-40D3-B491-848CE2B00365}
	EndGlobalSection
EndGlobal
